
Microsoft Visual Studio Solution File, Format Version 12.00
# Visual Studio Version 17
VisualStudioVersion = 17.9.34728.123
MinimumVisualStudioVersion = 10.0.40219.1
Project("{9A19103F-16F7-4668-BE54-9A1E7A4F7556}") = "ConsoleApp", "ConsoleApp\ConsoleApp.csproj", "{83EFF019-724C-434C-B3CB-D3874A885AB1}"
EndProject
Project("{9A19103F-16F7-4668-BE54-9A1E7A4F7556}") = "ConsoleApp.Test.xUnit", "ConsoleApp.Test.xUnit\ConsoleApp.Test.xUnit.csproj", "{2E49940E-A2CA-4BFA-B3A0-6DF15D811616}"
EndProject
Project("{FAE04EC0-301F-11D3-BF4B-00C04F79EFBC}") = "ConsoleApp.Test.MSTest", "ConsoleApp.Test.MSTest\ConsoleApp.Test.MSTest.csproj", "{A683EA87-B147-47C0-AC7C-7FF9C6D3EFCD}"
EndProject
Project("{FAE04EC0-301F-11D3-BF4B-00C04F79EFBC}") = "ConsoleApp.Test.NUnit", "ConsoleApp.Test.NUnit\ConsoleApp.Test.NUnit.csproj", "{08A470CD-C574-40A6-9047-3243B0F3F09B}"
EndProject
Project("{FAE04EC0-301F-11D3-BF4B-00C04F79EFBC}") = "Shop", "Shop\Shop.csproj", "{D6139E93-BF3B-4667-AB83-68353678726C}"
EndProject
Project("{FAE04EC0-301F-11D3-BF4B-00C04F79EFBC}") = "Shop.Test", "Shop.Test\Shop.Test.csproj", "{85E90AE5-1E3B-4F82-A53D-46A0A71DC2EA}"
EndProject
Project("{FAE04EC0-301F-11D3-BF4B-00C04F79EFBC}") = "WebApi", "WebApi\WebApi.csproj", "{8C9E17C6-42C0-4FEF-BA3D-AB716C7BEBDA}"
EndProject
Project("{FAE04EC0-301F-11D3-BF4B-00C04F79EFBC}") = "WebApi.Test", "WebApi.Test\WebApi.Test.csproj", "{C6EB58F6-5B5F-4F0C-AECF-B7396964AFC0}"
EndProject
Project("{FAE04EC0-301F-11D3-BF4B-00C04F79EFBC}") = "Models", "Models\Models.csproj", "{5DADE279-E380-4377-A952-042A894D96E6}"
EndProject
Project("{FAE04EC0-301F-11D3-BF4B-00C04F79EFBC}") = "Services.Interfaces", "Services.Interfaces\Services.Interfaces.csproj", "{CC163550-5477-41B5-AB20-00F7914860FB}"
EndProject
Project("{FAE04EC0-301F-11D3-BF4B-00C04F79EFBC}") = "TDD", "TDD\TDD.csproj", "{246E8C9E-38CB-4748-829A-71EC8671A4D6}"
EndProject
Project("{FAE04EC0-301F-11D3-BF4B-00C04F79EFBC}") = "TDD.Test", "TDD.Test\TDD.Test.csproj", "{5A11BA5F-A8B6-4D21-A26F-6E46262D7AA7}"
EndProject
Global
	GlobalSection(SolutionConfigurationPlatforms) = preSolution
		Debug|Any CPU = Debug|Any CPU
		Release|Any CPU = Release|Any CPU
	EndGlobalSection
	GlobalSection(ProjectConfigurationPlatforms) = postSolution
		{83EFF019-724C-434C-B3CB-D3874A885AB1}.Debug|Any CPU.ActiveCfg = Debug|Any CPU
		{83EFF019-724C-434C-B3CB-D3874A885AB1}.Debug|Any CPU.Build.0 = Debug|Any CPU
		{83EFF019-724C-434C-B3CB-D3874A885AB1}.Release|Any CPU.ActiveCfg = Release|Any CPU
		{83EFF019-724C-434C-B3CB-D3874A885AB1}.Release|Any CPU.Build.0 = Release|Any CPU
		{2E49940E-A2CA-4BFA-B3A0-6DF15D811616}.Debug|Any CPU.ActiveCfg = Debug|Any CPU
		{2E49940E-A2CA-4BFA-B3A0-6DF15D811616}.Debug|Any CPU.Build.0 = Debug|Any CPU
		{2E49940E-A2CA-4BFA-B3A0-6DF15D811616}.Release|Any CPU.ActiveCfg = Release|Any CPU
		{2E49940E-A2CA-4BFA-B3A0-6DF15D811616}.Release|Any CPU.Build.0 = Release|Any CPU
		{A683EA87-B147-47C0-AC7C-7FF9C6D3EFCD}.Debug|Any CPU.ActiveCfg = Debug|Any CPU
		{A683EA87-B147-47C0-AC7C-7FF9C6D3EFCD}.Debug|Any CPU.Build.0 = Debug|Any CPU
		{A683EA87-B147-47C0-AC7C-7FF9C6D3EFCD}.Release|Any CPU.ActiveCfg = Release|Any CPU
		{A683EA87-B147-47C0-AC7C-7FF9C6D3EFCD}.Release|Any CPU.Build.0 = Release|Any CPU
		{08A470CD-C574-40A6-9047-3243B0F3F09B}.Debug|Any CPU.ActiveCfg = Debug|Any CPU
		{08A470CD-C574-40A6-9047-3243B0F3F09B}.Debug|Any CPU.Build.0 = Debug|Any CPU
		{08A470CD-C574-40A6-9047-3243B0F3F09B}.Release|Any CPU.ActiveCfg = Release|Any CPU
		{08A470CD-C574-40A6-9047-3243B0F3F09B}.Release|Any CPU.Build.0 = Release|Any CPU
		{D6139E93-BF3B-4667-AB83-68353678726C}.Debug|Any CPU.ActiveCfg = Debug|Any CPU
		{D6139E93-BF3B-4667-AB83-68353678726C}.Debug|Any CPU.Build.0 = Debug|Any CPU
		{D6139E93-BF3B-4667-AB83-68353678726C}.Release|Any CPU.ActiveCfg = Release|Any CPU
		{D6139E93-BF3B-4667-AB83-68353678726C}.Release|Any CPU.Build.0 = Release|Any CPU
		{85E90AE5-1E3B-4F82-A53D-46A0A71DC2EA}.Debug|Any CPU.ActiveCfg = Debug|Any CPU
		{85E90AE5-1E3B-4F82-A53D-46A0A71DC2EA}.Debug|Any CPU.Build.0 = Debug|Any CPU
		{85E90AE5-1E3B-4F82-A53D-46A0A71DC2EA}.Release|Any CPU.ActiveCfg = Release|Any CPU
		{85E90AE5-1E3B-4F82-A53D-46A0A71DC2EA}.Release|Any CPU.Build.0 = Release|Any CPU
		{8C9E17C6-42C0-4FEF-BA3D-AB716C7BEBDA}.Debug|Any CPU.ActiveCfg = Debug|Any CPU
		{8C9E17C6-42C0-4FEF-BA3D-AB716C7BEBDA}.Debug|Any CPU.Build.0 = Debug|Any CPU
		{8C9E17C6-42C0-4FEF-BA3D-AB716C7BEBDA}.Release|Any CPU.ActiveCfg = Release|Any CPU
		{8C9E17C6-42C0-4FEF-BA3D-AB716C7BEBDA}.Release|Any CPU.Build.0 = Release|Any CPU
		{C6EB58F6-5B5F-4F0C-AECF-B7396964AFC0}.Debug|Any CPU.ActiveCfg = Debug|Any CPU
		{C6EB58F6-5B5F-4F0C-AECF-B7396964AFC0}.Debug|Any CPU.Build.0 = Debug|Any CPU
		{C6EB58F6-5B5F-4F0C-AECF-B7396964AFC0}.Release|Any CPU.ActiveCfg = Release|Any CPU
		{C6EB58F6-5B5F-4F0C-AECF-B7396964AFC0}.Release|Any CPU.Build.0 = Release|Any CPU
		{5DADE279-E380-4377-A952-042A894D96E6}.Debug|Any CPU.ActiveCfg = Debug|Any CPU
		{5DADE279-E380-4377-A952-042A894D96E6}.Debug|Any CPU.Build.0 = Debug|Any CPU
		{5DADE279-E380-4377-A952-042A894D96E6}.Release|Any CPU.ActiveCfg = Release|Any CPU
		{5DADE279-E380-4377-A952-042A894D96E6}.Release|Any CPU.Build.0 = Release|Any CPU
		{CC163550-5477-41B5-AB20-00F7914860FB}.Debug|Any CPU.ActiveCfg = Debug|Any CPU
		{CC163550-5477-41B5-AB20-00F7914860FB}.Debug|Any CPU.Build.0 = Debug|Any CPU
		{CC163550-5477-41B5-AB20-00F7914860FB}.Release|Any CPU.ActiveCfg = Release|Any CPU
		{CC163550-5477-41B5-AB20-00F7914860FB}.Release|Any CPU.Build.0 = Release|Any CPU
		{246E8C9E-38CB-4748-829A-71EC8671A4D6}.Debug|Any CPU.ActiveCfg = Debug|Any CPU
		{246E8C9E-38CB-4748-829A-71EC8671A4D6}.Debug|Any CPU.Build.0 = Debug|Any CPU
		{246E8C9E-38CB-4748-829A-71EC8671A4D6}.Release|Any CPU.ActiveCfg = Release|Any CPU
		{246E8C9E-38CB-4748-829A-71EC8671A4D6}.Release|Any CPU.Build.0 = Release|Any CPU
		{5A11BA5F-A8B6-4D21-A26F-6E46262D7AA7}.Debug|Any CPU.ActiveCfg = Debug|Any CPU
		{5A11BA5F-A8B6-4D21-A26F-6E46262D7AA7}.Debug|Any CPU.Build.0 = Debug|Any CPU
		{5A11BA5F-A8B6-4D21-A26F-6E46262D7AA7}.Release|Any CPU.ActiveCfg = Release|Any CPU
		{5A11BA5F-A8B6-4D21-A26F-6E46262D7AA7}.Release|Any CPU.Build.0 = Release|Any CPU
	EndGlobalSection
	GlobalSection(SolutionProperties) = preSolution
		HideSolutionNode = FALSE
	EndGlobalSection
	GlobalSection(ExtensibilityGlobals) = postSolution
		SolutionGuid = {5DCC2BCB-D5E8-499B-9880-22F71CD0B3E7}
	EndGlobalSection
EndGlobal
